
Microsoft Visual Studio Solution File, Format Version 12.00
# Visual Studio Version 17
VisualStudioVersion = 17.6.33815.320
MinimumVisualStudioVersion = 10.0.40219.1
Project("{9A19103F-16F7-4668-BE54-9A1E7A4F7556}") = "Erp.Api", "Erp.Api\Erp.Api.csproj", "{B87AB40E-B3B7-4C5B-9388-01CE96C4B9AF}"
EndProject
Project("{FAE04EC0-301F-11D3-BF4B-00C04F79EFBC}") = "Erp.Data", "Erp.Data\Erp.Data.csproj", "{35D1DFB9-16DA-47EF-8014-3C99D37FD11F}"
EndProject
Project("{FAE04EC0-301F-11D3-BF4B-00C04F79EFBC}") = "Erp.Dto", "Erp.Dto\Erp.Dto.csproj", "{B2438F30-8723-4637-BFD4-DFC2C7144E83}"
EndProject
Project("{FAE04EC0-301F-11D3-BF4B-00C04F79EFBC}") = "Erp.Base", "Erp.Base\Erp.Base.csproj", "{C3AABB66-BC47-4DFE-905D-165C8ADB7376}"
EndProject
Project("{FAE04EC0-301F-11D3-BF4B-00C04F79EFBC}") = "Erp.Operation", "Erp.Operation\Erp.Operation.csproj", "{7FEE1408-CDBE-4320-8EC7-F6A50A3FA9CC}"
EndProject
Global
	GlobalSection(SolutionConfigurationPlatforms) = preSolution
		Debug|Any CPU = Debug|Any CPU
		Release|Any CPU = Release|Any CPU
	EndGlobalSection
	GlobalSection(ProjectConfigurationPlatforms) = postSolution
		{B87AB40E-B3B7-4C5B-9388-01CE96C4B9AF}.Debug|Any CPU.ActiveCfg = Debug|Any CPU
		{B87AB40E-B3B7-4C5B-9388-01CE96C4B9AF}.Debug|Any CPU.Build.0 = Debug|Any CPU
		{B87AB40E-B3B7-4C5B-9388-01CE96C4B9AF}.Release|Any CPU.ActiveCfg = Release|Any CPU
		{B87AB40E-B3B7-4C5B-9388-01CE96C4B9AF}.Release|Any CPU.Build.0 = Release|Any CPU
		{35D1DFB9-16DA-47EF-8014-3C99D37FD11F}.Debug|Any CPU.ActiveCfg = Debug|Any CPU
		{35D1DFB9-16DA-47EF-8014-3C99D37FD11F}.Debug|Any CPU.Build.0 = Debug|Any CPU
		{35D1DFB9-16DA-47EF-8014-3C99D37FD11F}.Release|Any CPU.ActiveCfg = Release|Any CPU
		{35D1DFB9-16DA-47EF-8014-3C99D37FD11F}.Release|Any CPU.Build.0 = Release|Any CPU
		{B2438F30-8723-4637-BFD4-DFC2C7144E83}.Debug|Any CPU.ActiveCfg = Debug|Any CPU
		{B2438F30-8723-4637-BFD4-DFC2C7144E83}.Debug|Any CPU.Build.0 = Debug|Any CPU
		{B2438F30-8723-4637-BFD4-DFC2C7144E83}.Release|Any CPU.ActiveCfg = Release|Any CPU
		{B2438F30-8723-4637-BFD4-DFC2C7144E83}.Release|Any CPU.Build.0 = Release|Any CPU
		{C3AABB66-BC47-4DFE-905D-165C8ADB7376}.Debug|Any CPU.ActiveCfg = Debug|Any CPU
		{C3AABB66-BC47-4DFE-905D-165C8ADB7376}.Debug|Any CPU.Build.0 = Debug|Any CPU
		{C3AABB66-BC47-4DFE-905D-165C8ADB7376}.Release|Any CPU.ActiveCfg = Release|Any CPU
		{C3AABB66-BC47-4DFE-905D-165C8ADB7376}.Release|Any CPU.Build.0 = Release|Any CPU
		{7FEE1408-CDBE-4320-8EC7-F6A50A3FA9CC}.Debug|Any CPU.ActiveCfg = Debug|Any CPU
		{7FEE1408-CDBE-4320-8EC7-F6A50A3FA9CC}.Debug|Any CPU.Build.0 = Debug|Any CPU
		{7FEE1408-CDBE-4320-8EC7-F6A50A3FA9CC}.Release|Any CPU.ActiveCfg = Release|Any CPU
		{7FEE1408-CDBE-4320-8EC7-F6A50A3FA9CC}.Release|Any CPU.Build.0 = Release|Any CPU
	EndGlobalSection
	GlobalSection(SolutionProperties) = preSolution
		HideSolutionNode = FALSE
	EndGlobalSection
	GlobalSection(ExtensibilityGlobals) = postSolution
		SolutionGuid = {C22AA3B0-9874-4267-A702-21F295C12E78}
	EndGlobalSection
EndGlobal
